// !$*UTF8*$!
{
	archiveVersion = 1;
	classes = {
	};
	objectVersion = 46;
	objects = {

/* Begin PBXBuildFile section */
		DDC336281F4C03B0006967FC /* AppDelegate.swift in Sources */ = {isa = PBXBuildFile; fileRef = DDC336271F4C03B0006967FC /* AppDelegate.swift */; };
		DDC3362A1F4C03B1006967FC /* ViewController.swift in Sources */ = {isa = PBXBuildFile; fileRef = DDC336291F4C03B1006967FC /* ViewController.swift */; };
		DDC3362D1F4C03B1006967FC /* Main.storyboard in Resources */ = {isa = PBXBuildFile; fileRef = DDC3362B1F4C03B1006967FC /* Main.storyboard */; };
		DDC3362F1F4C03B1006967FC /* Assets.xcassets in Resources */ = {isa = PBXBuildFile; fileRef = DDC3362E1F4C03B1006967FC /* Assets.xcassets */; };
		DDC336321F4C03B1006967FC /* LaunchScreen.storyboard in Resources */ = {isa = PBXBuildFile; fileRef = DDC336301F4C03B1006967FC /* LaunchScreen.storyboard */; };
/* End PBXBuildFile section */

/* Begin PBXFileReference section */
		DDC336241F4C03B0006967FC /* RealmUpdateTest.app */ = {isa = PBXFileReference; explicitFileType = wrapper.application; includeInIndex = 0; path = RealmUpdateTest.app; sourceTree = BUILT_PRODUCTS_DIR; };
		DDC336271F4C03B0006967FC /* AppDelegate.swift */ = {isa = PBXFileReference; lastKnownFileType = sourcecode.swift; path = AppDelegate.swift; sourceTree = "<group>"; };
		DDC336291F4C03B1006967FC /* ViewController.swift */ = {isa = PBXFileReference; lastKnownFileType = sourcecode.swift; path = ViewController.swift; sourceTree = "<group>"; };
		DDC3362C1F4C03B1006967FC /* Base */ = {isa = PBXFileReference; lastKnownFileType = file.storyboard; name = Base; path = Base.lproj/Main.storyboard; sourceTree = "<group>"; };
		DDC3362E1F4C03B1006967FC /* Assets.xcassets */ = {isa = PBXFileReference; lastKnownFileType = folder.assetcatalog; path = Assets.xcassets; sourceTree = "<group>"; };
		DDC336311F4C03B1006967FC /* Base */ = {isa = PBXFileReference; lastKnownFileType = file.storyboard; name = Base; path = Base.lproj/LaunchScreen.storyboard; sourceTree = "<group>"; };
		DDC336331F4C03B1006967FC /* Info.plist */ = {isa = PBXFileReference; lastKnownFileType = text.plist.xml; path = Info.plist; sourceTree = "<group>"; };
/* End PBXFileReference section */

/* Begin PBXFrameworksBuildPhase section */
		DDC336211F4C03B0006967FC /* Frameworks */ = {
			isa = PBXFrameworksBuildPhase;
			buildActionMask = 2147483647;
			files = (
			);
			runOnlyForDeploymentPostprocessing = 0;
		};
/* End PBXFrameworksBuildPhase section */

/* Begin PBXGroup section */
		DDC3361B1F4C03B0006967FC = {
			isa = PBXGroup;
			children = (
				DDC336261F4C03B0006967FC /* RealmUpdateTest */,
				DDC336251F4C03B0006967FC /* Products */,
			);
			sourceTree = "<group>";
		};
		DDC336251F4C03B0006967FC /* Products */ = {
			isa = PBXGroup;
			children = (
				DDC336241F4C03B0006967FC /* RealmUpdateTest.app */,
			);
			name = Products;
			sourceTree = "<group>";
		};
		DDC336261F4C03B0006967FC /* RealmUpdateTest */ = {
			isa = PBXGroup;
			children = (
				DDC336271F4C03B0006967FC /* AppDelegate.swift */,
				DDC336291F4C03B1006967FC /* ViewController.swift */,
				DDC3362B1F4C03B1006967FC /* Main.storyboard */,
				DDC3362E1F4C03B1006967FC /* Assets.xcassets */,
				DDC336301F4C03B1006967FC /* LaunchScreen.storyboard */,
				DDC336331F4C03B1006967FC /* Info.plist */,
			);
			path = RealmUpdateTest;
			sourceTree = "<group>";
		};
/* End PBXGroup section */

/* Begin PBXNativeTarget section */
		DDC336231F4C03B0006967FC /* RealmUpdateTest */ = {
			isa = PBXNativeTarget;
			buildConfigurationList = DDC336361F4C03B1006967FC /* Build configuration list for PBXNativeTarget "RealmUpdateTest" */;
			buildPhases = (
				DDC336201F4C03B0006967FC /* Sources */,
				DDC336211F4C03B0006967FC /* Frameworks */,
				DDC336221F4C03B0006967FC /* Resources */,
			);
			buildRules = (
			);
			dependencies = (
			);
			name = RealmUpdateTest;
			productName = RealmUpdateTest;
			productReference = DDC336241F4C03B0006967FC /* RealmUpdateTest.app */;
			productType = "com.apple.product-type.application";
		};
/* End PBXNativeTarget section */

/* Begin PBXProject section */
		DDC3361C1F4C03B0006967FC /* Project object */ = {
			isa = PBXProject;
			attributes = {
				LastSwiftUpdateCheck = 0830;
				LastUpgradeCheck = 0830;
				ORGANIZATIONNAME = zooft;
				TargetAttributes = {
					DDC336231F4C03B0006967FC = {
						CreatedOnToolsVersion = 8.3.3;
						DevelopmentTeam = 6EV7EL8627;
						ProvisioningStyle = Automatic;
					};
				};
			};
			buildConfigurationList = DDC3361F1F4C03B0006967FC /* Build configuration list for PBXProject "RealmUpdateTest" */;
			compatibilityVersion = "Xcode 3.2";
			developmentRegion = English;
			hasScannedForEncodings = 0;
			knownRegions = (
				en,
				Base,
			);
			mainGroup = DDC3361B1F4C03B0006967FC;
			productRefGroup = DDC336251F4C03B0006967FC /* Products */;
			projectDirPath = "";
			projectRoot = "";
			targets = (
				DDC336231F4C03B0006967FC /* RealmUpdateTest */,
			);
		};
/* End PBXProject section */

/* Begin PBXResourcesBuildPhase section */
		DDC336221F4C03B0006967FC /* Resources */ = {
			isa = PBXResourcesBuildPhase;
			buildActionMask = 2147483647;
			files = (
				DDC336321F4C03B1006967FC /* LaunchScreen.storyboard in Resources */,
				DDC3362F1F4C03B1006967FC /* Assets.xcassets in Resources */,
				DDC3362D1F4C03B1006967FC /* Main.storyboard in Resources */,
			);
			runOnlyForDeploymentPostprocessing = 0;
		};
/* End PBXResourcesBuildPhase section */

/* Begin PBXSourcesBuildPhase section */
		DDC336201F4C03B0006967FC /* Sources */ = {
			isa = PBXSourcesBuildPhase;
			buildActionMask = 2147483647;
			files = (
				DDC3362A1F4C03B1006967FC /* ViewController.swift in Sources */,
				DDC336281F4C03B0006967FC /* AppDelegate.swift in Sources */,
			);
			runOnlyForDeploymentPostprocessing = 0;
		};
/* End PBXSourcesBuildPhase section */

/* Begin PBXVariantGroup section */
		DDC3362B1F4C03B1006967FC /* Main.storyboard */ = {
			isa = PBXVariantGroup;
			children = (
				DDC3362C1F4C03B1006967FC /* Base */,
			);
			name = Main.storyboard;
			sourceTree = "<group>";
		};
		DDC336301F4C03B1006967FC /* LaunchScreen.storyboard */ = {
			isa = PBXVariantGroup;
			children = (
				DDC336311F4C03B1006967FC /* Base */,
			);
			name = LaunchScreen.storyboard;
			sourceTree = "<group>";
		};
/* End PBXVariantGroup section */

/* Begin XCBuildConfiguration section */
		DDC336341F4C03B1006967FC /* Debug */ = {
			isa = XCBuildConfiguration;
			buildSettings = {
				ALWAYS_SEARCH_USER_PATHS = NO;
				CLANG_ANALYZER_NONNULL = YES;
				CLANG_ANALYZER_NUMBER_OBJECT_CONVERSION = YES_AGGRESSIVE;
				CLANG_CXX_LANGUAGE_STANDARD = "gnu++0x";
				CLANG_CXX_LIBRARY = "libc++";
				CLANG_ENABLE_MODULES = YES;
				CLANG_ENABLE_OBJC_ARC = YES;
				CLANG_WARN_BOOL_CONVERSION = YES;
				CLANG_WARN_CONSTANT_CONVERSION = YES;
				CLANG_WARN_DIRECT_OBJC_ISA_USAGE = YES_ERROR;
				CLANG_WARN_DOCUMENTATION_COMMENTS = YES;
				CLANG_WARN_EMPTY_BODY = YES;
				CLANG_WARN_ENUM_CONVERSION = YES;
				CLANG_WARN_INFINITE_RECURSION = YES;
				CLANG_WARN_INT_CONVERSION = YES;
				CLANG_WARN_OBJC_ROOT_CLASS = YES_ERROR;
				CLANG_WARN_SUSPICIOUS_MOVE = YES;
				CLANG_WARN_UNREACHABLE_CODE = YES;
				CLANG_WARN__DUPLICATE_METHOD_MATCH = YES;
				"CODE_SIGN_IDENTITY[sdk=iphoneos*]" = "iPhone Developer";
				COPY_PHASE_STRIP = NO;
				DEBUG_INFORMATION_FORMAT = dwarf;
				ENABLE_STRICT_OBJC_MSGSEND = YES;
				ENABLE_TESTABILITY = YES;
				GCC_C_LANGUAGE_STANDARD = gnu99;
				GCC_DYNAMIC_NO_PIC = NO;
				GCC_NO_COMMON_BLOCKS = YES;
				GCC_OPTIMIZATION_LEVEL = 0;
				GCC_PREPROCESSOR_DEFINITIONS = (
					"DEBUG=1",
					"$(inherited)",
				);
				GCC_WARN_64_TO_32_BIT_CONVERSION = YES;
				GCC_WARN_ABOUT_RETURN_TYPE = YES_ERROR;
				GCC_WARN_UNDECLARED_SELECTOR = YES;
				GCC_WARN_UNINITIALIZED_AUTOS = YES_AGGRESSIVE;
				GCC_WARN_UNUSED_FUNCTION = YES;
				GCC_WARN_UNUSED_VARIABLE = YES;
				IPHONEOS_DEPLOYMENT_TARGET = 10.3;
				MTL_ENABLE_DEBUG_INFO = YES;
				ONLY_ACTIVE_ARCH = YES;
				SDKROOT = iphoneos;
				SWIFT_ACTIVE_COMPILATION_CONDITIONS = DEBUG;
				SWIFT_OPTIMIZATION_LEVEL = "-Onone";
				TARGETED_DEVICE_FAMILY = "1,2";
			};
			name = Debug;
		};
		DDC336351F4C03B1006967FC /* Release */ = {
			isa = XCBuildConfiguration;
			buildSettings = {
				ALWAYS_SEARCH_USER_PATHS = NO;
				CLANG_ANALYZER_NONNULL = YES;
				CLANG_ANALYZER_NUMBER_OBJECT_CONVERSION = YES_AGGRESSIVE;
				CLANG_CXX_LANGUAGE_STANDARD = "gnu++0x";
				CLANG_CXX_LIBRARY = "libc++";
				CLANG_ENABLE_MODULES = YES;
				CLANG_ENABLE_OBJC_ARC = YES;
				CLANG_WARN_BOOL_CONVERSION = YES;
				CLANG_WARN_CONSTANT_CONVERSION = YES;
				CLANG_WARN_DIRECT_OBJC_ISA_USAGE = YES_ERROR;
				CLANG_WARN_DOCUMENTATION_COMMENTS = YES;
				CLANG_WARN_EMPTY_BODY = YES;
				CLANG_WARN_ENUM_CONVERSION = YES;
				CLANG_WARN_INFINITE_RECURSION = YES;
				CLANG_WARN_INT_CONVERSION = YES;
				CLANG_WARN_OBJC_ROOT_CLASS = YES_ERROR;
				CLANG_WARN_SUSPICIOUS_MOVE = YES;
				CLANG_WARN_UNREACHABLE_CODE = YES;
				CLANG_WARN__DUPLICATE_METHOD_MATCH = YES;
				"CODE_SIGN_IDENTITY[sdk=iphoneos*]" = "iPhone Developer";
				COPY_PHASE_STRIP = NO;
				DEBUG_INFORMATION_FORMAT = "dwarf-with-dsym";
				ENABLE_NS_ASSERTIONS = NO;
				ENABLE_STRICT_OBJC_MSGSEND = YES;
				GCC_C_LANGUAGE_STANDARD = gnu99;
				GCC_NO_COMMON_BLOCKS = YES;
				GCC_WARN_64_TO_32_BIT_CONVERSION = YES;
				GCC_WARN_ABOUT_RETURN_TYPE = YES_ERROR;
				GCC_WARN_UNDECLARED_SELECTOR = YES;
				GCC_WARN_UNINITIALIZED_AUTOS = YES_AGGRESSIVE;
				GCC_WARN_UNUSED_FUNCTION = YES;
				GCC_WARN_UNUSED_VARIABLE = YES;
				IPHONEOS_DEPLOYMENT_TARGET = 10.3;
				MTL_ENABLE_DEBUG_INFO = NO;
				SDKROOT = iphoneos;
				SWIFT_OPTIMIZATION_LEVEL = "-Owholemodule";
				TARGETED_DEVICE_FAMILY = "1,2";
				VALIDATE_PRODUCT = YES;
			};
			name = Release;
		};
		DDC336371F4C03B1006967FC /* Debug */ = {
			isa = XCBuildConfiguration;
			buildSettings = {
				ASSETCATALOG_COMPILER_APPICON_NAME = AppIcon;
				DEVELOPMENT_TEAM = 6EV7EL8627;
				INFOPLIST_FILE = RealmUpdateTest/Info.plist;
				LD_RUNPATH_SEARCH_PATHS = "$(inherited) @executable_path/Frameworks";
				PRODUCT_BUNDLE_IDENTIFIER = com.zooft.RealmUpdateTest;
				PRODUCT_NAME = "$(TARGET_NAME)";
				SWIFT_VERSION = 3.0;
			};
			name = Debug;
		};
		DDC336381F4C03B1006967FC /* Release */ = {
			isa = XCBuildConfiguration;
			buildSettings = {
				ASSETCATALOG_COMPILER_APPICON_NAME = AppIcon;
				DEVELOPMENT_TEAM = 6EV7EL8627;
				INFOPLIST_FILE = RealmUpdateTest/Info.plist;
				LD_RUNPATH_SEARCH_PATHS = "$(inherited) @executable_path/Frameworks";
				PRODUCT_BUNDLE_IDENTIFIER = com.zooft.RealmUpdateTest;
				PRODUCT_NAME = "$(TARGET_NAME)";
				SWIFT_VERSION = 3.0;
			};
			name = Release;
		};
/* End XCBuildConfiguration section */

/* Begin XCConfigurationList section */
		DDC3361F1F4C03B0006967FC /* Build configuration list for PBXProject "RealmUpdateTest" */ = {
			isa = XCConfigurationList;
			buildConfigurations = (
				DDC336341F4C03B1006967FC /* Debug */,
				DDC336351F4C03B1006967FC /* Release */,
			);
			defaultConfigurationIsVisible = 0;
			defaultConfigurationName = Release;
		};
		DDC336361F4C03B1006967FC /* Build configuration list for PBXNativeTarget "RealmUpdateTest" */ = {
			isa = XCConfigurationList;
			buildConfigurations = (
				DDC336371F4C03B1006967FC /* Debug */,
				DDC336381F4C03B1006967FC /* Release */,
			);
			defaultConfigurationIsVisible = 0;
		};
/* End XCConfigurationList section */
	};
	rootObject = DDC3361C1F4C03B0006967FC /* Project object */;
}
